
Microsoft Visual Studio Solution File, Format Version 12.00
# Visual Studio Version 17
VisualStudioVersion = 17.1.32210.238
MinimumVisualStudioVersion = 10.0.40219.1
Project("{FAE04EC0-301F-11D3-BF4B-00C04F79EFBC}") = "ParsingApp", "ParsingApp.csproj", "{A8C11A8E-CDD6-4323-8156-50D7DB5CDF00}"
EndProject
Global
	GlobalSection(SolutionConfigurationPlatforms) = preSolution
		Debug|Any CPU = Debug|Any CPU
		Release|Any CPU = Release|Any CPU
	EndGlobalSection
	GlobalSection(ProjectConfigurationPlatforms) = postSolution
		{A8C11A8E-CDD6-4323-8156-50D7DB5CDF00}.Debug|Any CPU.ActiveCfg = Debug|Any CPU
		{A8C11A8E-CDD6-4323-8156-50D7DB5CDF00}.Debug|Any CPU.Build.0 = Debug|Any CPU
		{A8C11A8E-CDD6-4323-8156-50D7DB5CDF00}.Release|Any CPU.ActiveCfg = Release|Any CPU
		{A8C11A8E-CDD6-4323-8156-50D7DB5CDF00}.Release|Any CPU.Build.0 = Release|Any CPU
	EndGlobalSection
	GlobalSection(SolutionProperties) = preSolution
		HideSolutionNode = FALSE
	EndGlobalSection
	GlobalSection(ExtensibilityGlobals) = postSolution
		SolutionGuid = {8A58BCFC-BD97-4AAE-9646-B10C98B13A60}
	EndGlobalSection
EndGlobal
